
Microsoft Visual Studio Solution File, Format Version 12.00
# Visual Studio Version 16
VisualStudioVersion = 16.0.28803.452
MinimumVisualStudioVersion = 10.0.40219.1
Project("{FAE04EC0-301F-11D3-BF4B-00C04F79EFBC}") = "Adventure Time", "Adventure Time\Adventure Time.csproj", "{021024F1-C784-4BF5-903C-391061578A47}"
EndProject
Global
	GlobalSection(SolutionConfigurationPlatforms) = preSolution
		Debug|Any CPU = Debug|Any CPU
		Release|Any CPU = Release|Any CPU
	EndGlobalSection
	GlobalSection(ProjectConfigurationPlatforms) = postSolution
		{021024F1-C784-4BF5-903C-391061578A47}.Debug|Any CPU.ActiveCfg = Debug|Any CPU
		{021024F1-C784-4BF5-903C-391061578A47}.Debug|Any CPU.Build.0 = Debug|Any CPU
		{021024F1-C784-4BF5-903C-391061578A47}.Release|Any CPU.ActiveCfg = Release|Any CPU
		{021024F1-C784-4BF5-903C-391061578A47}.Release|Any CPU.Build.0 = Release|Any CPU
	EndGlobalSection
	GlobalSection(SolutionProperties) = preSolution
		HideSolutionNode = FALSE
	EndGlobalSection
	GlobalSection(ExtensibilityGlobals) = postSolution
		SolutionGuid = {90ADC772-6CA7-4579-B84A-3531BB8AC372}
	EndGlobalSection
EndGlobal
